// !$*UTF8*$!
{
	archiveVersion = 1;
	classes = {
	};
	objectVersion = 46;
	objects = {

/* Begin PBXBuildFile section */
		8F25CFEE1B4888B9004C1D56 /* ForwardSlashState.cpp in Sources */ = {isa = PBXBuildFile; fileRef = 8F25CFEC1B4888B9004C1D56 /* ForwardSlashState.cpp */; };
		8F55D32D1B45B58800704973 /* WalkingState.cpp in Sources */ = {isa = PBXBuildFile; fileRef = 8F55D32B1B45B58800704973 /* WalkingState.cpp */; };
		8F55D32F1B45BA0F00704973 /* State.cpp in Sources */ = {isa = PBXBuildFile; fileRef = 8F55D32E1B45BA0F00704973 /* State.cpp */; };
		8F9385E81B627C56000C588C /* PlayerInputHandler.cpp in Sources */ = {isa = PBXBuildFile; fileRef = 8F9385E61B627C56000C588C /* PlayerInputHandler.cpp */; };
		8FBE69561B46606100BF7E24 /* Vector2D.cpp in Sources */ = {isa = PBXBuildFile; fileRef = 8FBF085D1B2FC48F00F8DA50 /* Vector2D.cpp */; };
		8FBF083C1B2683ED00F8DA50 /* Scene.cpp in Sources */ = {isa = PBXBuildFile; fileRef = 8FBF083A1B2683ED00F8DA50 /* Scene.cpp */; };
		8FBF08471B2729FC00F8DA50 /* SandboxScene.cpp in Sources */ = {isa = PBXBuildFile; fileRef = 8FBF08451B2729FC00F8DA50 /* SandboxScene.cpp */; };
		8FBF084A1B2930FE00F8DA50 /* SandboxBackground.cpp in Sources */ = {isa = PBXBuildFile; fileRef = 8FBF08481B2930FE00F8DA50 /* SandboxBackground.cpp */; };
		8FBF085C1B2B19C100F8DA50 /* TexturePacker.cpp in Sources */ = {isa = PBXBuildFile; fileRef = 8FBF085A1B2B19C100F8DA50 /* TexturePacker.cpp */; };
		8FBF085F1B2FC48F00F8DA50 /* Vector2D.cpp in Sources */ = {isa = PBXBuildFile; fileRef = 8FBF085D1B2FC48F00F8DA50 /* Vector2D.cpp */; };
		8FBF08671B31B3C500F8DA50 /* Strider.cpp in Sources */ = {isa = PBXBuildFile; fileRef = 8FBF08651B31B3C500F8DA50 /* Strider.cpp */; };
		8FBF08751B390B9900F8DA50 /* SkeletonWarrior.cpp in Sources */ = {isa = PBXBuildFile; fileRef = 8FBF08731B390B9900F8DA50 /* SkeletonWarrior.cpp */; };
		8FBF087A1B3C3AEB00F8DA50 /* GameUtilities.cpp in Sources */ = {isa = PBXBuildFile; fileRef = 8FBF08781B3C3AEB00F8DA50 /* GameUtilities.cpp */; };
		8FBF08841B44E61600F8DA50 /* IdleState.cpp in Sources */ = {isa = PBXBuildFile; fileRef = 8FBF08821B44E61600F8DA50 /* IdleState.cpp */; };
		8FD5AA351B225E2F008599D4 /* main.cpp in Sources */ = {isa = PBXBuildFile; fileRef = 8FD5AA341B225E2F008599D4 /* main.cpp */; };
		8FD5AA3F1B225F1F008599D4 /* SDL2_image.framework in Frameworks */ = {isa = PBXBuildFile; fileRef = 8FD5AA3B1B225F1F008599D4 /* SDL2_image.framework */; };
		8FD5AA401B225F1F008599D4 /* SDL2_mixer.framework in Frameworks */ = {isa = PBXBuildFile; fileRef = 8FD5AA3C1B225F1F008599D4 /* SDL2_mixer.framework */; };
		8FD5AA411B225F1F008599D4 /* SDL2_ttf.framework in Frameworks */ = {isa = PBXBuildFile; fileRef = 8FD5AA3D1B225F1F008599D4 /* SDL2_ttf.framework */; };
		8FD5AA421B225F1F008599D4 /* SDL2.framework in Frameworks */ = {isa = PBXBuildFile; fileRef = 8FD5AA3E1B225F1F008599D4 /* SDL2.framework */; };
		8FD5AA471B225FD6008599D4 /* GameManager.cpp in Sources */ = {isa = PBXBuildFile; fileRef = 8FD5AA451B225FD6008599D4 /* GameManager.cpp */; };
		8FD5AA4B1B254932008599D4 /* Sprite.cpp in Sources */ = {isa = PBXBuildFile; fileRef = 8FD5AA491B254932008599D4 /* Sprite.cpp */; };
		8FD5AA4E1B261DAC008599D4 /* TextureManager.cpp in Sources */ = {isa = PBXBuildFile; fileRef = 8FD5AA4C1B261DAC008599D4 /* TextureManager.cpp */; };
		8FE96A181B465F2D0060AECD /* gtest.framework in Frameworks */ = {isa = PBXBuildFile; fileRef = 8FE96A171B465F2D0060AECD /* gtest.framework */; };
		8FE96A1A1B465F920060AECD /* GoogleTest.mm in Sources */ = {isa = PBXBuildFile; fileRef = 8FE96A191B465F920060AECD /* GoogleTest.mm */; };
		8FE96A1C1B465FC10060AECD /* UnitTests.cpp in Sources */ = {isa = PBXBuildFile; fileRef = 8FE96A1B1B465FC10060AECD /* UnitTests.cpp */; };
		8FE96A1D1B465FD30060AECD /* GameUtilities.cpp in Sources */ = {isa = PBXBuildFile; fileRef = 8FBF08781B3C3AEB00F8DA50 /* GameUtilities.cpp */; };
/* End PBXBuildFile section */

/* Begin PBXCopyFilesBuildPhase section */
		8FD5AA2F1B225E2F008599D4 /* CopyFiles */ = {
			isa = PBXCopyFilesBuildPhase;
			buildActionMask = 2147483647;
			dstPath = /usr/share/man/man1/;
			dstSubfolderSpec = 0;
			files = (
			);
			runOnlyForDeploymentPostprocessing = 1;
		};
/* End PBXCopyFilesBuildPhase section */

/* Begin PBXFileReference section */
		8F25CFEC1B4888B9004C1D56 /* ForwardSlashState.cpp */ = {isa = PBXFileReference; fileEncoding = 4; lastKnownFileType = sourcecode.cpp.cpp; name = ForwardSlashState.cpp; path = arpg/ForwardSlashState.cpp; sourceTree = "<group>"; };
		8F25CFED1B4888B9004C1D56 /* ForwardSlashState.h */ = {isa = PBXFileReference; fileEncoding = 4; lastKnownFileType = sourcecode.c.h; name = ForwardSlashState.h; path = arpg/ForwardSlashState.h; sourceTree = "<group>"; };
		8F25CFF01B4F2B91004C1D56 /* strider.json */ = {isa = PBXFileReference; fileEncoding = 4; lastKnownFileType = text.json; name = strider.json; path = arpg/assets/metadata/strider.json; sourceTree = "<group>"; };
		8F55D32B1B45B58800704973 /* WalkingState.cpp */ = {isa = PBXFileReference; fileEncoding = 4; lastKnownFileType = sourcecode.cpp.cpp; name = WalkingState.cpp; path = arpg/WalkingState.cpp; sourceTree = "<group>"; };
		8F55D32C1B45B58800704973 /* WalkingState.h */ = {isa = PBXFileReference; fileEncoding = 4; lastKnownFileType = sourcecode.c.h; name = WalkingState.h; path = arpg/WalkingState.h; sourceTree = "<group>"; };
		8F55D32E1B45BA0F00704973 /* State.cpp */ = {isa = PBXFileReference; fileEncoding = 4; lastKnownFileType = sourcecode.cpp.cpp; name = State.cpp; path = arpg/State.cpp; sourceTree = "<group>"; };
		8F9385E31B627485000C588C /* InputHandler.h */ = {isa = PBXFileReference; fileEncoding = 4; lastKnownFileType = sourcecode.c.h; name = InputHandler.h; path = arpg/InputHandler.h; sourceTree = "<group>"; };
		8F9385E61B627C56000C588C /* PlayerInputHandler.cpp */ = {isa = PBXFileReference; fileEncoding = 4; lastKnownFileType = sourcecode.cpp.cpp; name = PlayerInputHandler.cpp; path = arpg/PlayerInputHandler.cpp; sourceTree = "<group>"; };
		8F9385E71B627C56000C588C /* PlayerInputHandler.h */ = {isa = PBXFileReference; fileEncoding = 4; lastKnownFileType = sourcecode.c.h; name = PlayerInputHandler.h; path = arpg/PlayerInputHandler.h; sourceTree = "<group>"; };
		8FBF08351B2681D200F8DA50 /* Constants.h */ = {isa = PBXFileReference; lastKnownFileType = sourcecode.c.h; path = Constants.h; sourceTree = "<group>"; };
		8FBF083A1B2683ED00F8DA50 /* Scene.cpp */ = {isa = PBXFileReference; fileEncoding = 4; lastKnownFileType = sourcecode.cpp.cpp; name = Scene.cpp; path = arpg/Scene.cpp; sourceTree = "<group>"; };
		8FBF083B1B2683ED00F8DA50 /* Scene.h */ = {isa = PBXFileReference; fileEncoding = 4; lastKnownFileType = sourcecode.c.h; name = Scene.h; path = arpg/Scene.h; sourceTree = "<group>"; };
		8FBF08411B271E2900F8DA50 /* Layer.h */ = {isa = PBXFileReference; fileEncoding = 4; lastKnownFileType = sourcecode.c.h; name = Layer.h; path = arpg/Layer.h; sourceTree = "<group>"; };
		8FBF08441B2722CA00F8DA50 /* GameObject.h */ = {isa = PBXFileReference; lastKnownFileType = sourcecode.c.h; name = GameObject.h; path = arpg/GameObject.h; sourceTree = "<group>"; };
		8FBF08451B2729FC00F8DA50 /* SandboxScene.cpp */ = {isa = PBXFileReference; fileEncoding = 4; lastKnownFileType = sourcecode.cpp.cpp; name = SandboxScene.cpp; path = arpg/SandboxScene.cpp; sourceTree = "<group>"; };
		8FBF08461B2729FC00F8DA50 /* SandboxScene.h */ = {isa = PBXFileReference; fileEncoding = 4; lastKnownFileType = sourcecode.c.h; name = SandboxScene.h; path = arpg/SandboxScene.h; sourceTree = "<group>"; };
		8FBF08481B2930FE00F8DA50 /* SandboxBackground.cpp */ = {isa = PBXFileReference; fileEncoding = 4; lastKnownFileType = sourcecode.cpp.cpp; name = SandboxBackground.cpp; path = arpg/SandboxBackground.cpp; sourceTree = "<group>"; };
		8FBF08491B2930FE00F8DA50 /* SandboxBackground.h */ = {isa = PBXFileReference; fileEncoding = 4; lastKnownFileType = sourcecode.c.h; name = SandboxBackground.h; path = arpg/SandboxBackground.h; sourceTree = "<group>"; };
		8FBF084E1B2A47C700F8DA50 /* background.bmp */ = {isa = PBXFileReference; lastKnownFileType = image.bmp; name = background.bmp; path = arpg/assets/images/background.bmp; sourceTree = "<group>"; };
		8FBF08511B2A47DA00F8DA50 /* strider.json */ = {isa = PBXFileReference; fileEncoding = 4; lastKnownFileType = text.json; name = strider.json; path = arpg/assets/spritesheets/strider.json; sourceTree = "<group>"; };
		8FBF08521B2A47DA00F8DA50 /* strider.png */ = {isa = PBXFileReference; lastKnownFileType = image.png; name = strider.png; path = arpg/assets/spritesheets/strider.png; sourceTree = "<group>"; };
		8FBF08551B2B186A00F8DA50 /* rapidjson */ = {isa = PBXFileReference; lastKnownFileType = folder; name = rapidjson; path = arpg/rapidjson; sourceTree = "<group>"; };
		8FBF085A1B2B19C100F8DA50 /* TexturePacker.cpp */ = {isa = PBXFileReference; fileEncoding = 4; lastKnownFileType = sourcecode.cpp.cpp; name = TexturePacker.cpp; path = arpg/TexturePacker.cpp; sourceTree = "<group>"; };
		8FBF085B1B2B19C100F8DA50 /* TexturePacker.h */ = {isa = PBXFileReference; fileEncoding = 4; lastKnownFileType = sourcecode.c.h; name = TexturePacker.h; path = arpg/TexturePacker.h; sourceTree = "<group>"; };
		8FBF085D1B2FC48F00F8DA50 /* Vector2D.cpp */ = {isa = PBXFileReference; fileEncoding = 4; lastKnownFileType = sourcecode.cpp.cpp; name = Vector2D.cpp; path = arpg/Vector2D.cpp; sourceTree = "<group>"; };
		8FBF085E1B2FC48F00F8DA50 /* Vector2D.h */ = {isa = PBXFileReference; fileEncoding = 4; lastKnownFileType = sourcecode.c.h; name = Vector2D.h; path = arpg/Vector2D.h; sourceTree = "<group>"; };
		8FBF08621B310D7C00F8DA50 /* Player.h */ = {isa = PBXFileReference; fileEncoding = 4; lastKnownFileType = sourcecode.c.h; name = Player.h; path = arpg/Player.h; sourceTree = "<group>"; };
		8FBF08651B31B3C500F8DA50 /* Strider.cpp */ = {isa = PBXFileReference; fileEncoding = 4; lastKnownFileType = sourcecode.cpp.cpp; name = Strider.cpp; path = arpg/Strider.cpp; sourceTree = "<group>"; };
		8FBF08661B31B3C500F8DA50 /* Strider.h */ = {isa = PBXFileReference; fileEncoding = 4; lastKnownFileType = sourcecode.c.h; name = Strider.h; path = arpg/Strider.h; sourceTree = "<group>"; };
		8FBF086A1B325EF300F8DA50 /* Enemy.h */ = {isa = PBXFileReference; fileEncoding = 4; lastKnownFileType = sourcecode.c.h; name = Enemy.h; path = arpg/Enemy.h; sourceTree = "<group>"; };
		8FBF08731B390B9900F8DA50 /* SkeletonWarrior.cpp */ = {isa = PBXFileReference; fileEncoding = 4; lastKnownFileType = sourcecode.cpp.cpp; name = SkeletonWarrior.cpp; path = arpg/SkeletonWarrior.cpp; sourceTree = "<group>"; };
		8FBF08741B390B9900F8DA50 /* SkeletonWarrior.h */ = {isa = PBXFileReference; fileEncoding = 4; lastKnownFileType = sourcecode.c.h; name = SkeletonWarrior.h; path = arpg/SkeletonWarrior.h; sourceTree = "<group>"; };
		8FBF08781B3C3AEB00F8DA50 /* GameUtilities.cpp */ = {isa = PBXFileReference; fileEncoding = 4; lastKnownFileType = sourcecode.cpp.cpp; path = GameUtilities.cpp; sourceTree = "<group>"; };
		8FBF08791B3C3AEB00F8DA50 /* GameUtilities.h */ = {isa = PBXFileReference; fileEncoding = 4; lastKnownFileType = sourcecode.c.h; path = GameUtilities.h; sourceTree = "<group>"; };
		8FBF08801B44223800F8DA50 /* State.h */ = {isa = PBXFileReference; fileEncoding = 4; lastKnownFileType = sourcecode.c.h; name = State.h; path = arpg/State.h; sourceTree = "<group>"; };
		8FBF08821B44E61600F8DA50 /* IdleState.cpp */ = {isa = PBXFileReference; fileEncoding = 4; lastKnownFileType = sourcecode.cpp.cpp; name = IdleState.cpp; path = arpg/IdleState.cpp; sourceTree = "<group>"; };
		8FBF08831B44E61600F8DA50 /* IdleState.h */ = {isa = PBXFileReference; fileEncoding = 4; lastKnownFileType = sourcecode.c.h; name = IdleState.h; path = arpg/IdleState.h; sourceTree = "<group>"; };
		8FBF08861B4581C300F8DA50 /* PlayerStates.h */ = {isa = PBXFileReference; fileEncoding = 4; lastKnownFileType = sourcecode.c.h; path = PlayerStates.h; sourceTree = "<group>"; };
		8FD5AA311B225E2F008599D4 /* arpg */ = {isa = PBXFileReference; explicitFileType = "compiled.mach-o.executable"; includeInIndex = 0; path = arpg; sourceTree = BUILT_PRODUCTS_DIR; };
		8FD5AA341B225E2F008599D4 /* main.cpp */ = {isa = PBXFileReference; lastKnownFileType = sourcecode.cpp.cpp; path = main.cpp; sourceTree = "<group>"; };
		8FD5AA3B1B225F1F008599D4 /* SDL2_image.framework */ = {isa = PBXFileReference; lastKnownFileType = wrapper.framework; name = SDL2_image.framework; path = /Library/Frameworks/SDL2_image.framework; sourceTree = "<absolute>"; };
		8FD5AA3C1B225F1F008599D4 /* SDL2_mixer.framework */ = {isa = PBXFileReference; lastKnownFileType = wrapper.framework; name = SDL2_mixer.framework; path = /Library/Frameworks/SDL2_mixer.framework; sourceTree = "<absolute>"; };
		8FD5AA3D1B225F1F008599D4 /* SDL2_ttf.framework */ = {isa = PBXFileReference; lastKnownFileType = wrapper.framework; name = SDL2_ttf.framework; path = /Library/Frameworks/SDL2_ttf.framework; sourceTree = "<absolute>"; };
		8FD5AA3E1B225F1F008599D4 /* SDL2.framework */ = {isa = PBXFileReference; lastKnownFileType = wrapper.framework; name = SDL2.framework; path = /Library/Frameworks/SDL2.framework; sourceTree = "<absolute>"; };
		8FD5AA451B225FD6008599D4 /* GameManager.cpp */ = {isa = PBXFileReference; fileEncoding = 4; lastKnownFileType = sourcecode.cpp.cpp; name = GameManager.cpp; path = arpg/GameManager.cpp; sourceTree = "<group>"; };
		8FD5AA461B225FD6008599D4 /* GameManager.h */ = {isa = PBXFileReference; fileEncoding = 4; lastKnownFileType = sourcecode.c.h; name = GameManager.h; path = arpg/GameManager.h; sourceTree = "<group>"; };
		8FD5AA491B254932008599D4 /* Sprite.cpp */ = {isa = PBXFileReference; fileEncoding = 4; lastKnownFileType = sourcecode.cpp.cpp; name = Sprite.cpp; path = arpg/Sprite.cpp; sourceTree = "<group>"; };
		8FD5AA4A1B254932008599D4 /* Sprite.h */ = {isa = PBXFileReference; fileEncoding = 4; lastKnownFileType = sourcecode.c.h; name = Sprite.h; path = arpg/Sprite.h; sourceTree = "<group>"; };
		8FD5AA4C1B261DAC008599D4 /* TextureManager.cpp */ = {isa = PBXFileReference; fileEncoding = 4; lastKnownFileType = sourcecode.cpp.cpp; name = TextureManager.cpp; path = arpg/TextureManager.cpp; sourceTree = "<group>"; };
		8FD5AA4D1B261DAC008599D4 /* TextureManager.h */ = {isa = PBXFileReference; fileEncoding = 4; lastKnownFileType = sourcecode.c.h; name = TextureManager.h; path = arpg/TextureManager.h; sourceTree = "<group>"; };
		8FE96A0E1B465F180060AECD /* testarpg.xctest */ = {isa = PBXFileReference; explicitFileType = wrapper.cfbundle; includeInIndex = 0; path = testarpg.xctest; sourceTree = BUILT_PRODUCTS_DIR; };
		8FE96A111B465F180060AECD /* Info.plist */ = {isa = PBXFileReference; lastKnownFileType = text.plist.xml; path = Info.plist; sourceTree = "<group>"; };
		8FE96A171B465F2D0060AECD /* gtest.framework */ = {isa = PBXFileReference; lastKnownFileType = wrapper.framework; name = gtest.framework; path = ../../../../../Library/Frameworks/gtest.framework; sourceTree = "<group>"; };
		8FE96A191B465F920060AECD /* GoogleTest.mm */ = {isa = PBXFileReference; fileEncoding = 4; lastKnownFileType = sourcecode.cpp.objcpp; path = GoogleTest.mm; sourceTree = "<group>"; };
		8FE96A1B1B465FC10060AECD /* UnitTests.cpp */ = {isa = PBXFileReference; fileEncoding = 4; lastKnownFileType = sourcecode.cpp.cpp; path = UnitTests.cpp; sourceTree = "<group>"; };
/* End PBXFileReference section */

/* Begin PBXFrameworksBuildPhase section */
		8FD5AA2E1B225E2F008599D4 /* Frameworks */ = {
			isa = PBXFrameworksBuildPhase;
			buildActionMask = 2147483647;
			files = (
				8FD5AA421B225F1F008599D4 /* SDL2.framework in Frameworks */,
				8FD5AA3F1B225F1F008599D4 /* SDL2_image.framework in Frameworks */,
				8FD5AA401B225F1F008599D4 /* SDL2_mixer.framework in Frameworks */,
				8FD5AA411B225F1F008599D4 /* SDL2_ttf.framework in Frameworks */,
			);
			runOnlyForDeploymentPostprocessing = 0;
		};
		8FE96A0B1B465F180060AECD /* Frameworks */ = {
			isa = PBXFrameworksBuildPhase;
			buildActionMask = 2147483647;
			files = (
				8FE96A181B465F2D0060AECD /* gtest.framework in Frameworks */,
			);
			runOnlyForDeploymentPostprocessing = 0;
		};
/* End PBXFrameworksBuildPhase section */

/* Begin PBXGroup section */
		8F25CFEF1B4F2B17004C1D56 /* Metadata */ = {
			isa = PBXGroup;
			children = (
				8F25CFF01B4F2B91004C1D56 /* strider.json */,
			);
			name = Metadata;
			sourceTree = "<group>";
		};
		8F9385E51B627ACB000C588C /* InputHandlers */ = {
			isa = PBXGroup;
			children = (
				8F9385E31B627485000C588C /* InputHandler.h */,
				8F9385E71B627C56000C588C /* PlayerInputHandler.h */,
				8F9385E61B627C56000C588C /* PlayerInputHandler.cpp */,
			);
			name = InputHandlers;
			sourceTree = "<group>";
		};
		8FBF08391B2683AA00F8DA50 /* Scenes */ = {
			isa = PBXGroup;
			children = (
				8FBF083D1B26959C00F8DA50 /* Base Classes */,
				8FBF083E1B2695C000F8DA50 /* Game Scenes */,
				8FBF083F1B2695CB00F8DA50 /* Game Layers */,
			);
			name = Scenes;
			sourceTree = "<group>";
		};
		8FBF083D1B26959C00F8DA50 /* Base Classes */ = {
			isa = PBXGroup;
			children = (
				8FBF083B1B2683ED00F8DA50 /* Scene.h */,
				8FBF083A1B2683ED00F8DA50 /* Scene.cpp */,
				8FBF08411B271E2900F8DA50 /* Layer.h */,
			);
			name = "Base Classes";
			sourceTree = "<group>";
		};
		8FBF083E1B2695C000F8DA50 /* Game Scenes */ = {
			isa = PBXGroup;
			children = (
				8FBF08461B2729FC00F8DA50 /* SandboxScene.h */,
				8FBF08451B2729FC00F8DA50 /* SandboxScene.cpp */,
			);
			name = "Game Scenes";
			sourceTree = "<group>";
		};
		8FBF083F1B2695CB00F8DA50 /* Game Layers */ = {
			isa = PBXGroup;
			children = (
				8FBF08491B2930FE00F8DA50 /* SandboxBackground.h */,
				8FBF08481B2930FE00F8DA50 /* SandboxBackground.cpp */,
			);
			name = "Game Layers";
			sourceTree = "<group>";
		};
		8FBF08431B2722A600F8DA50 /* Base Classes */ = {
			isa = PBXGroup;
			children = (
				8FBF08441B2722CA00F8DA50 /* GameObject.h */,
				8FD5AA4A1B254932008599D4 /* Sprite.h */,
				8FD5AA491B254932008599D4 /* Sprite.cpp */,
				8FBF08621B310D7C00F8DA50 /* Player.h */,
				8FBF086A1B325EF300F8DA50 /* Enemy.h */,
			);
			name = "Base Classes";
			sourceTree = "<group>";
		};
		8FBF084B1B2A478D00F8DA50 /* Assets */ = {
			isa = PBXGroup;
			children = (
				8FBF084C1B2A479B00F8DA50 /* Images */,
				8FBF084D1B2A47A800F8DA50 /* Spritesheets */,
				8F25CFEF1B4F2B17004C1D56 /* Metadata */,
			);
			name = Assets;
			sourceTree = "<group>";
		};
		8FBF084C1B2A479B00F8DA50 /* Images */ = {
			isa = PBXGroup;
			children = (
				8FBF084E1B2A47C700F8DA50 /* background.bmp */,
			);
			name = Images;
			sourceTree = "<group>";
		};
		8FBF084D1B2A47A800F8DA50 /* Spritesheets */ = {
			isa = PBXGroup;
			children = (
				8FBF08511B2A47DA00F8DA50 /* strider.json */,
				8FBF08521B2A47DA00F8DA50 /* strider.png */,
			);
			name = Spritesheets;
			sourceTree = "<group>";
		};
		8FBF08531B2B181D00F8DA50 /* Third Party */ = {
			isa = PBXGroup;
			children = (
				8FBF08551B2B186A00F8DA50 /* rapidjson */,
			);
			name = "Third Party";
			sourceTree = "<group>";
		};
		8FBF08561B2B18C200F8DA50 /* Utilities */ = {
			isa = PBXGroup;
			children = (
				8F9385E51B627ACB000C588C /* InputHandlers */,
				8FBF085B1B2B19C100F8DA50 /* TexturePacker.h */,
				8FBF085A1B2B19C100F8DA50 /* TexturePacker.cpp */,
				8FBF085E1B2FC48F00F8DA50 /* Vector2D.h */,
				8FBF085D1B2FC48F00F8DA50 /* Vector2D.cpp */,
			);
			name = Utilities;
			sourceTree = "<group>";
		};
		8FBF08641B31B39C00F8DA50 /* Player Classes */ = {
			isa = PBXGroup;
			children = (
				8FBF08661B31B3C500F8DA50 /* Strider.h */,
				8FBF08651B31B3C500F8DA50 /* Strider.cpp */,
			);
			name = "Player Classes";
			sourceTree = "<group>";
		};
		8FBF08681B325ED800F8DA50 /* Enemy Classes */ = {
			isa = PBXGroup;
			children = (
				8FBF08741B390B9900F8DA50 /* SkeletonWarrior.h */,
				8FBF08731B390B9900F8DA50 /* SkeletonWarrior.cpp */,
			);
			name = "Enemy Classes";
			sourceTree = "<group>";
		};
		8FBF087B1B44205400F8DA50 /* GameObject States */ = {
			isa = PBXGroup;
			children = (
				8FBF08801B44223800F8DA50 /* State.h */,
				8F55D32E1B45BA0F00704973 /* State.cpp */,
				8FBF08831B44E61600F8DA50 /* IdleState.h */,
				8FBF08821B44E61600F8DA50 /* IdleState.cpp */,
				8F55D32C1B45B58800704973 /* WalkingState.h */,
				8F55D32B1B45B58800704973 /* WalkingState.cpp */,
				8F25CFED1B4888B9004C1D56 /* ForwardSlashState.h */,
				8F25CFEC1B4888B9004C1D56 /* ForwardSlashState.cpp */,
			);
			name = "GameObject States";
			sourceTree = "<group>";
		};
		8FD5AA281B225E2F008599D4 = {
			isa = PBXGroup;
			children = (
				8FE96A0F1B465F180060AECD /* testarpg */,
				8FD5AA331B225E2F008599D4 /* arpg */,
				8FD5AA441B225F9C008599D4 /* Singletons */,
				8FBF08561B2B18C200F8DA50 /* Utilities */,
				8FBF087B1B44205400F8DA50 /* GameObject States */,
				8FD5AA481B25491F008599D4 /* Game Objects */,
				8FBF08391B2683AA00F8DA50 /* Scenes */,
				8FBF084B1B2A478D00F8DA50 /* Assets */,
				8FBF08531B2B181D00F8DA50 /* Third Party */,
				8FD5AA431B225F5C008599D4 /* Frameworks */,
				8FD5AA321B225E2F008599D4 /* Products */,
			);
			sourceTree = "<group>";
		};
		8FD5AA321B225E2F008599D4 /* Products */ = {
			isa = PBXGroup;
			children = (
				8FD5AA311B225E2F008599D4 /* arpg */,
				8FE96A0E1B465F180060AECD /* testarpg.xctest */,
			);
			name = Products;
			sourceTree = "<group>";
		};
		8FD5AA331B225E2F008599D4 /* arpg */ = {
			isa = PBXGroup;
			children = (
				8FBF08351B2681D200F8DA50 /* Constants.h */,
				8FBF08861B4581C300F8DA50 /* PlayerStates.h */,
				8FBF08791B3C3AEB00F8DA50 /* GameUtilities.h */,
				8FBF08781B3C3AEB00F8DA50 /* GameUtilities.cpp */,
				8FD5AA341B225E2F008599D4 /* main.cpp */,
			);
			path = arpg;
			sourceTree = "<group>";
		};
		8FD5AA431B225F5C008599D4 /* Frameworks */ = {
			isa = PBXGroup;
			children = (
				8FE96A171B465F2D0060AECD /* gtest.framework */,
				8FD5AA3B1B225F1F008599D4 /* SDL2_image.framework */,
				8FD5AA3C1B225F1F008599D4 /* SDL2_mixer.framework */,
				8FD5AA3D1B225F1F008599D4 /* SDL2_ttf.framework */,
				8FD5AA3E1B225F1F008599D4 /* SDL2.framework */,
			);
			name = Frameworks;
			sourceTree = "<group>";
		};
		8FD5AA441B225F9C008599D4 /* Singletons */ = {
			isa = PBXGroup;
			children = (
				8FD5AA461B225FD6008599D4 /* GameManager.h */,
				8FD5AA451B225FD6008599D4 /* GameManager.cpp */,
				8FD5AA4D1B261DAC008599D4 /* TextureManager.h */,
				8FD5AA4C1B261DAC008599D4 /* TextureManager.cpp */,
			);
			name = Singletons;
			sourceTree = "<group>";
		};
		8FD5AA481B25491F008599D4 /* Game Objects */ = {
			isa = PBXGroup;
			children = (
				8FBF08431B2722A600F8DA50 /* Base Classes */,
				8FBF08681B325ED800F8DA50 /* Enemy Classes */,
				8FBF08641B31B39C00F8DA50 /* Player Classes */,
			);
			name = "Game Objects";
			sourceTree = "<group>";
		};
		8FE96A0F1B465F180060AECD /* testarpg */ = {
			isa = PBXGroup;
			children = (
				8FE96A1B1B465FC10060AECD /* UnitTests.cpp */,
				8FE96A101B465F180060AECD /* Supporting Files */,
			);
			path = testarpg;
			sourceTree = "<group>";
		};
		8FE96A101B465F180060AECD /* Supporting Files */ = {
			isa = PBXGroup;
			children = (
				8FE96A191B465F920060AECD /* GoogleTest.mm */,
				8FE96A111B465F180060AECD /* Info.plist */,
			);
			name = "Supporting Files";
			sourceTree = "<group>";
		};
/* End PBXGroup section */

/* Begin PBXNativeTarget section */
		8FD5AA301B225E2F008599D4 /* arpg */ = {
			isa = PBXNativeTarget;
			buildConfigurationList = 8FD5AA381B225E2F008599D4 /* Build configuration list for PBXNativeTarget "arpg" */;
			buildPhases = (
				8FD5AA2D1B225E2F008599D4 /* Sources */,
				8FD5AA2E1B225E2F008599D4 /* Frameworks */,
				8FD5AA2F1B225E2F008599D4 /* CopyFiles */,
			);
			buildRules = (
			);
			dependencies = (
			);
			name = arpg;
			productName = arpg;
			productReference = 8FD5AA311B225E2F008599D4 /* arpg */;
			productType = "com.apple.product-type.tool";
		};
		8FE96A0D1B465F180060AECD /* testarpg */ = {
			isa = PBXNativeTarget;
			buildConfigurationList = 8FE96A161B465F180060AECD /* Build configuration list for PBXNativeTarget "testarpg" */;
			buildPhases = (
				8FE96A0A1B465F180060AECD /* Sources */,
				8FE96A0B1B465F180060AECD /* Frameworks */,
				8FE96A0C1B465F180060AECD /* Resources */,
			);
			buildRules = (
			);
			dependencies = (
			);
			name = testarpg;
			productName = testarpg;
			productReference = 8FE96A0E1B465F180060AECD /* testarpg.xctest */;
			productType = "com.apple.product-type.bundle.unit-test";
		};
/* End PBXNativeTarget section */

/* Begin PBXProject section */
		8FD5AA291B225E2F008599D4 /* Project object */ = {
			isa = PBXProject;
			attributes = {
				LastUpgradeCheck = 0800;
				ORGANIZATIONNAME = chenjamin;
				TargetAttributes = {
					8FD5AA301B225E2F008599D4 = {
						CreatedOnToolsVersion = 6.3.2;
					};
					8FE96A0D1B465F180060AECD = {
						CreatedOnToolsVersion = 6.3.2;
					};
				};
			};
			buildConfigurationList = 8FD5AA2C1B225E2F008599D4 /* Build configuration list for PBXProject "arpg" */;
			compatibilityVersion = "Xcode 3.2";
			developmentRegion = English;
			hasScannedForEncodings = 0;
			knownRegions = (
				en,
			);
			mainGroup = 8FD5AA281B225E2F008599D4;
			productRefGroup = 8FD5AA321B225E2F008599D4 /* Products */;
			projectDirPath = "";
			projectRoot = "";
			targets = (
				8FD5AA301B225E2F008599D4 /* arpg */,
				8FE96A0D1B465F180060AECD /* testarpg */,
			);
		};
/* End PBXProject section */

/* Begin PBXResourcesBuildPhase section */
		8FE96A0C1B465F180060AECD /* Resources */ = {
			isa = PBXResourcesBuildPhase;
			buildActionMask = 2147483647;
			files = (
			);
			runOnlyForDeploymentPostprocessing = 0;
		};
/* End PBXResourcesBuildPhase section */

/* Begin PBXSourcesBuildPhase section */
		8FD5AA2D1B225E2F008599D4 /* Sources */ = {
			isa = PBXSourcesBuildPhase;
			buildActionMask = 2147483647;
			files = (
				8FBF08751B390B9900F8DA50 /* SkeletonWarrior.cpp in Sources */,
				8FBF08841B44E61600F8DA50 /* IdleState.cpp in Sources */,
				8FBF083C1B2683ED00F8DA50 /* Scene.cpp in Sources */,
				8FD5AA351B225E2F008599D4 /* main.cpp in Sources */,
				8FD5AA471B225FD6008599D4 /* GameManager.cpp in Sources */,
				8F25CFEE1B4888B9004C1D56 /* ForwardSlashState.cpp in Sources */,
				8FBF085C1B2B19C100F8DA50 /* TexturePacker.cpp in Sources */,
				8FD5AA4B1B254932008599D4 /* Sprite.cpp in Sources */,
				8FD5AA4E1B261DAC008599D4 /* TextureManager.cpp in Sources */,
				8F55D32D1B45B58800704973 /* WalkingState.cpp in Sources */,
				8FBF087A1B3C3AEB00F8DA50 /* GameUtilities.cpp in Sources */,
				8F55D32F1B45BA0F00704973 /* State.cpp in Sources */,
				8FBF08671B31B3C500F8DA50 /* Strider.cpp in Sources */,
				8F9385E81B627C56000C588C /* PlayerInputHandler.cpp in Sources */,
				8FBF084A1B2930FE00F8DA50 /* SandboxBackground.cpp in Sources */,
				8FBF08471B2729FC00F8DA50 /* SandboxScene.cpp in Sources */,
				8FBF085F1B2FC48F00F8DA50 /* Vector2D.cpp in Sources */,
			);
			runOnlyForDeploymentPostprocessing = 0;
		};
		8FE96A0A1B465F180060AECD /* Sources */ = {
			isa = PBXSourcesBuildPhase;
			buildActionMask = 2147483647;
			files = (
				8FE96A1A1B465F920060AECD /* GoogleTest.mm in Sources */,
				8FE96A1C1B465FC10060AECD /* UnitTests.cpp in Sources */,
				8FBE69561B46606100BF7E24 /* Vector2D.cpp in Sources */,
				8FE96A1D1B465FD30060AECD /* GameUtilities.cpp in Sources */,
			);
			runOnlyForDeploymentPostprocessing = 0;
		};
/* End PBXSourcesBuildPhase section */

/* Begin XCBuildConfiguration section */
		8FD5AA361B225E2F008599D4 /* Debug */ = {
			isa = XCBuildConfiguration;
			buildSettings = {
				ALWAYS_SEARCH_USER_PATHS = NO;
				CLANG_CXX_LANGUAGE_STANDARD = "gnu++0x";
				CLANG_CXX_LIBRARY = "libc++";
				CLANG_ENABLE_MODULES = YES;
				CLANG_ENABLE_OBJC_ARC = YES;
				CLANG_WARN_BOOL_CONVERSION = YES;
				CLANG_WARN_CONSTANT_CONVERSION = YES;
				CLANG_WARN_DIRECT_OBJC_ISA_USAGE = YES_ERROR;
				CLANG_WARN_EMPTY_BODY = YES;
				CLANG_WARN_ENUM_CONVERSION = YES;
				CLANG_WARN_INFINITE_RECURSION = YES;
				CLANG_WARN_INT_CONVERSION = YES;
				CLANG_WARN_OBJC_ROOT_CLASS = YES_ERROR;
				CLANG_WARN_SUSPICIOUS_MOVE = YES;
				CLANG_WARN_UNREACHABLE_CODE = YES;
				CLANG_WARN__DUPLICATE_METHOD_MATCH = YES;
				COPY_PHASE_STRIP = NO;
				DEBUG_INFORMATION_FORMAT = dwarf;
				ENABLE_STRICT_OBJC_MSGSEND = YES;
				ENABLE_TESTABILITY = YES;
				GCC_C_LANGUAGE_STANDARD = gnu99;
				GCC_DYNAMIC_NO_PIC = NO;
				GCC_NO_COMMON_BLOCKS = YES;
				GCC_OPTIMIZATION_LEVEL = 0;
				GCC_PREPROCESSOR_DEFINITIONS = (
					"DEBUG=1",
					"$(inherited)",
				);
				GCC_SYMBOLS_PRIVATE_EXTERN = NO;
				GCC_WARN_64_TO_32_BIT_CONVERSION = YES;
				GCC_WARN_ABOUT_RETURN_TYPE = YES_ERROR;
				GCC_WARN_UNDECLARED_SELECTOR = YES;
				GCC_WARN_UNINITIALIZED_AUTOS = YES_AGGRESSIVE;
				GCC_WARN_UNUSED_FUNCTION = YES;
				GCC_WARN_UNUSED_VARIABLE = YES;
				MACOSX_DEPLOYMENT_TARGET = 10.10;
				MTL_ENABLE_DEBUG_INFO = YES;
				ONLY_ACTIVE_ARCH = YES;
				SDKROOT = macosx;
			};
			name = Debug;
		};
		8FD5AA371B225E2F008599D4 /* Release */ = {
			isa = XCBuildConfiguration;
			buildSettings = {
				ALWAYS_SEARCH_USER_PATHS = NO;
				CLANG_CXX_LANGUAGE_STANDARD = "gnu++0x";
				CLANG_CXX_LIBRARY = "libc++";
				CLANG_ENABLE_MODULES = YES;
				CLANG_ENABLE_OBJC_ARC = YES;
				CLANG_WARN_BOOL_CONVERSION = YES;
				CLANG_WARN_CONSTANT_CONVERSION = YES;
				CLANG_WARN_DIRECT_OBJC_ISA_USAGE = YES_ERROR;
				CLANG_WARN_EMPTY_BODY = YES;
				CLANG_WARN_ENUM_CONVERSION = YES;
				CLANG_WARN_INFINITE_RECURSION = YES;
				CLANG_WARN_INT_CONVERSION = YES;
				CLANG_WARN_OBJC_ROOT_CLASS = YES_ERROR;
				CLANG_WARN_SUSPICIOUS_MOVE = YES;
				CLANG_WARN_UNREACHABLE_CODE = YES;
				CLANG_WARN__DUPLICATE_METHOD_MATCH = YES;
				COPY_PHASE_STRIP = NO;
				DEBUG_INFORMATION_FORMAT = "dwarf-with-dsym";
				ENABLE_NS_ASSERTIONS = NO;
				ENABLE_STRICT_OBJC_MSGSEND = YES;
				GCC_C_LANGUAGE_STANDARD = gnu99;
				GCC_NO_COMMON_BLOCKS = YES;
				GCC_WARN_64_TO_32_BIT_CONVERSION = YES;
				GCC_WARN_ABOUT_RETURN_TYPE = YES_ERROR;
				GCC_WARN_UNDECLARED_SELECTOR = YES;
				GCC_WARN_UNINITIALIZED_AUTOS = YES_AGGRESSIVE;
				GCC_WARN_UNUSED_FUNCTION = YES;
				GCC_WARN_UNUSED_VARIABLE = YES;
				MACOSX_DEPLOYMENT_TARGET = 10.10;
				MTL_ENABLE_DEBUG_INFO = NO;
				SDKROOT = macosx;
			};
			name = Release;
		};
		8FD5AA391B225E2F008599D4 /* Debug */ = {
			isa = XCBuildConfiguration;
			buildSettings = {
				FRAMEWORK_SEARCH_PATHS = (
					"$(inherited)",
					"$(LOCAL_LIBRARY_DIR)/Frameworks",
				);
				PRODUCT_NAME = "$(TARGET_NAME)";
			};
			name = Debug;
		};
		8FD5AA3A1B225E2F008599D4 /* Release */ = {
			isa = XCBuildConfiguration;
			buildSettings = {
				FRAMEWORK_SEARCH_PATHS = (
					"$(inherited)",
					"$(LOCAL_LIBRARY_DIR)/Frameworks",
				);
				GCC_SYMBOLS_PRIVATE_EXTERN = NO;
				PRODUCT_NAME = "$(TARGET_NAME)";
			};
			name = Release;
		};
		8FE96A141B465F180060AECD /* Debug */ = {
			isa = XCBuildConfiguration;
			buildSettings = {
				COMBINE_HIDPI_IMAGES = YES;
				FRAMEWORK_SEARCH_PATHS = (
					"$(DEVELOPER_FRAMEWORKS_DIR)",
					"$(inherited)",
					"$(LOCAL_LIBRARY_DIR)/Frameworks",
				);
				GCC_PREPROCESSOR_DEFINITIONS = (
					"DEBUG=1",
					"$(inherited)",
				);
				INFOPLIST_FILE = testarpg/Info.plist;
				LD_RUNPATH_SEARCH_PATHS = "$(inherited) @executable_path/../Frameworks @loader_path/../Frameworks";
				PRODUCT_BUNDLE_IDENTIFIER = "chenjamin.$(PRODUCT_NAME:rfc1034identifier)";
				PRODUCT_NAME = "$(TARGET_NAME)";
			};
			name = Debug;
		};
		8FE96A151B465F180060AECD /* Release */ = {
			isa = XCBuildConfiguration;
			buildSettings = {
				COMBINE_HIDPI_IMAGES = YES;
				FRAMEWORK_SEARCH_PATHS = (
					"$(DEVELOPER_FRAMEWORKS_DIR)",
					"$(inherited)",
					"$(LOCAL_LIBRARY_DIR)/Frameworks",
				);
				INFOPLIST_FILE = testarpg/Info.plist;
				LD_RUNPATH_SEARCH_PATHS = "$(inherited) @executable_path/../Frameworks @loader_path/../Frameworks";
				PRODUCT_BUNDLE_IDENTIFIER = "chenjamin.$(PRODUCT_NAME:rfc1034identifier)";
				PRODUCT_NAME = "$(TARGET_NAME)";
			};
			name = Release;
		};
/* End XCBuildConfiguration section */

/* Begin XCConfigurationList section */
		8FD5AA2C1B225E2F008599D4 /* Build configuration list for PBXProject "arpg" */ = {
			isa = XCConfigurationList;
			buildConfigurations = (
				8FD5AA361B225E2F008599D4 /* Debug */,
				8FD5AA371B225E2F008599D4 /* Release */,
			);
			defaultConfigurationIsVisible = 0;
			defaultConfigurationName = Release;
		};
		8FD5AA381B225E2F008599D4 /* Build configuration list for PBXNativeTarget "arpg" */ = {
			isa = XCConfigurationList;
			buildConfigurations = (
				8FD5AA391B225E2F008599D4 /* Debug */,
				8FD5AA3A1B225E2F008599D4 /* Release */,
			);
			defaultConfigurationIsVisible = 0;
			defaultConfigurationName = Release;
		};
		8FE96A161B465F180060AECD /* Build configuration list for PBXNativeTarget "testarpg" */ = {
			isa = XCConfigurationList;
			buildConfigurations = (
				8FE96A141B465F180060AECD /* Debug */,
				8FE96A151B465F180060AECD /* Release */,
			);
			defaultConfigurationIsVisible = 0;
			defaultConfigurationName = Release;
		};
/* End XCConfigurationList section */
	};
	rootObject = 8FD5AA291B225E2F008599D4 /* Project object */;
}
