// !$*UTF8*$!
{
	archiveVersion = 1;
	classes = {
	};
	objectVersion = 46;
	objects = {

/* Begin PBXBuildFile section */
		8FBF08381B26836800F8DA50 /* SceneManager.cpp in Sources */ = {isa = PBXBuildFile; fileRef = 8FBF08361B26836800F8DA50 /* SceneManager.cpp */; };
		8FBF083C1B2683ED00F8DA50 /* Scene.cpp in Sources */ = {isa = PBXBuildFile; fileRef = 8FBF083A1B2683ED00F8DA50 /* Scene.cpp */; };
		8FBF08421B271E2900F8DA50 /* Layer.cpp in Sources */ = {isa = PBXBuildFile; fileRef = 8FBF08401B271E2900F8DA50 /* Layer.cpp */; };
		8FBF08471B2729FC00F8DA50 /* SandboxScene.cpp in Sources */ = {isa = PBXBuildFile; fileRef = 8FBF08451B2729FC00F8DA50 /* SandboxScene.cpp */; };
		8FD5AA351B225E2F008599D4 /* main.cpp in Sources */ = {isa = PBXBuildFile; fileRef = 8FD5AA341B225E2F008599D4 /* main.cpp */; };
		8FD5AA3F1B225F1F008599D4 /* SDL2_image.framework in Frameworks */ = {isa = PBXBuildFile; fileRef = 8FD5AA3B1B225F1F008599D4 /* SDL2_image.framework */; };
		8FD5AA401B225F1F008599D4 /* SDL2_mixer.framework in Frameworks */ = {isa = PBXBuildFile; fileRef = 8FD5AA3C1B225F1F008599D4 /* SDL2_mixer.framework */; };
		8FD5AA411B225F1F008599D4 /* SDL2_ttf.framework in Frameworks */ = {isa = PBXBuildFile; fileRef = 8FD5AA3D1B225F1F008599D4 /* SDL2_ttf.framework */; };
		8FD5AA421B225F1F008599D4 /* SDL2.framework in Frameworks */ = {isa = PBXBuildFile; fileRef = 8FD5AA3E1B225F1F008599D4 /* SDL2.framework */; };
		8FD5AA471B225FD6008599D4 /* GameManager.cpp in Sources */ = {isa = PBXBuildFile; fileRef = 8FD5AA451B225FD6008599D4 /* GameManager.cpp */; };
		8FD5AA4B1B254932008599D4 /* Sprite.cpp in Sources */ = {isa = PBXBuildFile; fileRef = 8FD5AA491B254932008599D4 /* Sprite.cpp */; };
		8FD5AA4E1B261DAC008599D4 /* TextureManager.cpp in Sources */ = {isa = PBXBuildFile; fileRef = 8FD5AA4C1B261DAC008599D4 /* TextureManager.cpp */; };
/* End PBXBuildFile section */

/* Begin PBXCopyFilesBuildPhase section */
		8FD5AA2F1B225E2F008599D4 /* CopyFiles */ = {
			isa = PBXCopyFilesBuildPhase;
			buildActionMask = 2147483647;
			dstPath = /usr/share/man/man1/;
			dstSubfolderSpec = 0;
			files = (
			);
			runOnlyForDeploymentPostprocessing = 1;
		};
/* End PBXCopyFilesBuildPhase section */

/* Begin PBXFileReference section */
		8FBF08351B2681D200F8DA50 /* Constants.h */ = {isa = PBXFileReference; lastKnownFileType = sourcecode.c.h; path = Constants.h; sourceTree = "<group>"; };
		8FBF08361B26836800F8DA50 /* SceneManager.cpp */ = {isa = PBXFileReference; fileEncoding = 4; lastKnownFileType = sourcecode.cpp.cpp; name = SceneManager.cpp; path = arpg/SceneManager.cpp; sourceTree = "<group>"; };
		8FBF08371B26836800F8DA50 /* SceneManager.h */ = {isa = PBXFileReference; fileEncoding = 4; lastKnownFileType = sourcecode.c.h; name = SceneManager.h; path = arpg/SceneManager.h; sourceTree = "<group>"; };
		8FBF083A1B2683ED00F8DA50 /* Scene.cpp */ = {isa = PBXFileReference; fileEncoding = 4; lastKnownFileType = sourcecode.cpp.cpp; name = Scene.cpp; path = arpg/Scene.cpp; sourceTree = "<group>"; };
		8FBF083B1B2683ED00F8DA50 /* Scene.h */ = {isa = PBXFileReference; fileEncoding = 4; lastKnownFileType = sourcecode.c.h; name = Scene.h; path = arpg/Scene.h; sourceTree = "<group>"; };
		8FBF08401B271E2900F8DA50 /* Layer.cpp */ = {isa = PBXFileReference; fileEncoding = 4; lastKnownFileType = sourcecode.cpp.cpp; name = Layer.cpp; path = arpg/Layer.cpp; sourceTree = "<group>"; };
		8FBF08411B271E2900F8DA50 /* Layer.h */ = {isa = PBXFileReference; fileEncoding = 4; lastKnownFileType = sourcecode.c.h; name = Layer.h; path = arpg/Layer.h; sourceTree = "<group>"; };
		8FBF08441B2722CA00F8DA50 /* GameObject.h */ = {isa = PBXFileReference; lastKnownFileType = sourcecode.c.h; name = GameObject.h; path = arpg/GameObject.h; sourceTree = "<group>"; };
		8FBF08451B2729FC00F8DA50 /* SandboxScene.cpp */ = {isa = PBXFileReference; fileEncoding = 4; lastKnownFileType = sourcecode.cpp.cpp; name = SandboxScene.cpp; path = arpg/SandboxScene.cpp; sourceTree = "<group>"; };
		8FBF08461B2729FC00F8DA50 /* SandboxScene.h */ = {isa = PBXFileReference; fileEncoding = 4; lastKnownFileType = sourcecode.c.h; name = SandboxScene.h; path = arpg/SandboxScene.h; sourceTree = "<group>"; };
		8FD5AA311B225E2F008599D4 /* arpg */ = {isa = PBXFileReference; explicitFileType = "compiled.mach-o.executable"; includeInIndex = 0; path = arpg; sourceTree = BUILT_PRODUCTS_DIR; };
		8FD5AA341B225E2F008599D4 /* main.cpp */ = {isa = PBXFileReference; lastKnownFileType = sourcecode.cpp.cpp; path = main.cpp; sourceTree = "<group>"; };
		8FD5AA3B1B225F1F008599D4 /* SDL2_image.framework */ = {isa = PBXFileReference; lastKnownFileType = wrapper.framework; name = SDL2_image.framework; path = /Library/Frameworks/SDL2_image.framework; sourceTree = "<absolute>"; };
		8FD5AA3C1B225F1F008599D4 /* SDL2_mixer.framework */ = {isa = PBXFileReference; lastKnownFileType = wrapper.framework; name = SDL2_mixer.framework; path = /Library/Frameworks/SDL2_mixer.framework; sourceTree = "<absolute>"; };
		8FD5AA3D1B225F1F008599D4 /* SDL2_ttf.framework */ = {isa = PBXFileReference; lastKnownFileType = wrapper.framework; name = SDL2_ttf.framework; path = /Library/Frameworks/SDL2_ttf.framework; sourceTree = "<absolute>"; };
		8FD5AA3E1B225F1F008599D4 /* SDL2.framework */ = {isa = PBXFileReference; lastKnownFileType = wrapper.framework; name = SDL2.framework; path = /Library/Frameworks/SDL2.framework; sourceTree = "<absolute>"; };
		8FD5AA451B225FD6008599D4 /* GameManager.cpp */ = {isa = PBXFileReference; fileEncoding = 4; lastKnownFileType = sourcecode.cpp.cpp; name = GameManager.cpp; path = arpg/GameManager.cpp; sourceTree = "<group>"; };
		8FD5AA461B225FD6008599D4 /* GameManager.h */ = {isa = PBXFileReference; fileEncoding = 4; lastKnownFileType = sourcecode.c.h; name = GameManager.h; path = arpg/GameManager.h; sourceTree = "<group>"; };
		8FD5AA491B254932008599D4 /* Sprite.cpp */ = {isa = PBXFileReference; fileEncoding = 4; lastKnownFileType = sourcecode.cpp.cpp; name = Sprite.cpp; path = arpg/Sprite.cpp; sourceTree = "<group>"; };
		8FD5AA4A1B254932008599D4 /* Sprite.h */ = {isa = PBXFileReference; fileEncoding = 4; lastKnownFileType = sourcecode.c.h; name = Sprite.h; path = arpg/Sprite.h; sourceTree = "<group>"; };
		8FD5AA4C1B261DAC008599D4 /* TextureManager.cpp */ = {isa = PBXFileReference; fileEncoding = 4; lastKnownFileType = sourcecode.cpp.cpp; name = TextureManager.cpp; path = arpg/TextureManager.cpp; sourceTree = "<group>"; };
		8FD5AA4D1B261DAC008599D4 /* TextureManager.h */ = {isa = PBXFileReference; fileEncoding = 4; lastKnownFileType = sourcecode.c.h; name = TextureManager.h; path = arpg/TextureManager.h; sourceTree = "<group>"; };
/* End PBXFileReference section */

/* Begin PBXFrameworksBuildPhase section */
		8FD5AA2E1B225E2F008599D4 /* Frameworks */ = {
			isa = PBXFrameworksBuildPhase;
			buildActionMask = 2147483647;
			files = (
				8FD5AA421B225F1F008599D4 /* SDL2.framework in Frameworks */,
				8FD5AA3F1B225F1F008599D4 /* SDL2_image.framework in Frameworks */,
				8FD5AA401B225F1F008599D4 /* SDL2_mixer.framework in Frameworks */,
				8FD5AA411B225F1F008599D4 /* SDL2_ttf.framework in Frameworks */,
			);
			runOnlyForDeploymentPostprocessing = 0;
		};
/* End PBXFrameworksBuildPhase section */

/* Begin PBXGroup section */
		8FBF08391B2683AA00F8DA50 /* Scenes */ = {
			isa = PBXGroup;
			children = (
				8FBF083D1B26959C00F8DA50 /* Base Classes */,
				8FBF083E1B2695C000F8DA50 /* Game Scenes */,
				8FBF083F1B2695CB00F8DA50 /* Game Layers */,
			);
			name = Scenes;
			sourceTree = "<group>";
		};
		8FBF083D1B26959C00F8DA50 /* Base Classes */ = {
			isa = PBXGroup;
			children = (
				8FBF083B1B2683ED00F8DA50 /* Scene.h */,
				8FBF083A1B2683ED00F8DA50 /* Scene.cpp */,
				8FBF08411B271E2900F8DA50 /* Layer.h */,
				8FBF08401B271E2900F8DA50 /* Layer.cpp */,
			);
			name = "Base Classes";
			sourceTree = "<group>";
		};
		8FBF083E1B2695C000F8DA50 /* Game Scenes */ = {
			isa = PBXGroup;
			children = (
				8FBF08461B2729FC00F8DA50 /* SandboxScene.h */,
				8FBF08451B2729FC00F8DA50 /* SandboxScene.cpp */,
			);
			name = "Game Scenes";
			sourceTree = "<group>";
		};
		8FBF083F1B2695CB00F8DA50 /* Game Layers */ = {
			isa = PBXGroup;
			children = (
			);
			name = "Game Layers";
			sourceTree = "<group>";
		};
		8FBF08431B2722A600F8DA50 /* Base Classes */ = {
			isa = PBXGroup;
			children = (
				8FBF08441B2722CA00F8DA50 /* GameObject.h */,
			);
			name = "Base Classes";
			sourceTree = "<group>";
		};
		8FD5AA281B225E2F008599D4 = {
			isa = PBXGroup;
			children = (
				8FD5AA331B225E2F008599D4 /* arpg */,
				8FD5AA441B225F9C008599D4 /* Singletons */,
				8FBF08391B2683AA00F8DA50 /* Scenes */,
				8FD5AA481B25491F008599D4 /* Game Objects */,
				8FD5AA431B225F5C008599D4 /* Frameworks */,
				8FD5AA321B225E2F008599D4 /* Products */,
			);
			sourceTree = "<group>";
		};
		8FD5AA321B225E2F008599D4 /* Products */ = {
			isa = PBXGroup;
			children = (
				8FD5AA311B225E2F008599D4 /* arpg */,
			);
			name = Products;
			sourceTree = "<group>";
		};
		8FD5AA331B225E2F008599D4 /* arpg */ = {
			isa = PBXGroup;
			children = (
				8FBF08351B2681D200F8DA50 /* Constants.h */,
				8FD5AA341B225E2F008599D4 /* main.cpp */,
			);
			path = arpg;
			sourceTree = "<group>";
		};
		8FD5AA431B225F5C008599D4 /* Frameworks */ = {
			isa = PBXGroup;
			children = (
				8FD5AA3B1B225F1F008599D4 /* SDL2_image.framework */,
				8FD5AA3C1B225F1F008599D4 /* SDL2_mixer.framework */,
				8FD5AA3D1B225F1F008599D4 /* SDL2_ttf.framework */,
				8FD5AA3E1B225F1F008599D4 /* SDL2.framework */,
			);
			name = Frameworks;
			sourceTree = "<group>";
		};
		8FD5AA441B225F9C008599D4 /* Singletons */ = {
			isa = PBXGroup;
			children = (
				8FD5AA461B225FD6008599D4 /* GameManager.h */,
				8FD5AA451B225FD6008599D4 /* GameManager.cpp */,
				8FD5AA4D1B261DAC008599D4 /* TextureManager.h */,
				8FD5AA4C1B261DAC008599D4 /* TextureManager.cpp */,
				8FBF08371B26836800F8DA50 /* SceneManager.h */,
				8FBF08361B26836800F8DA50 /* SceneManager.cpp */,
			);
			name = Singletons;
			sourceTree = "<group>";
		};
		8FD5AA481B25491F008599D4 /* Game Objects */ = {
			isa = PBXGroup;
			children = (
				8FBF08431B2722A600F8DA50 /* Base Classes */,
				8FD5AA4A1B254932008599D4 /* Sprite.h */,
				8FD5AA491B254932008599D4 /* Sprite.cpp */,
			);
			name = "Game Objects";
			sourceTree = "<group>";
		};
/* End PBXGroup section */

/* Begin PBXNativeTarget section */
		8FD5AA301B225E2F008599D4 /* arpg */ = {
			isa = PBXNativeTarget;
			buildConfigurationList = 8FD5AA381B225E2F008599D4 /* Build configuration list for PBXNativeTarget "arpg" */;
			buildPhases = (
				8FD5AA2D1B225E2F008599D4 /* Sources */,
				8FD5AA2E1B225E2F008599D4 /* Frameworks */,
				8FD5AA2F1B225E2F008599D4 /* CopyFiles */,
			);
			buildRules = (
			);
			dependencies = (
			);
			name = arpg;
			productName = arpg;
			productReference = 8FD5AA311B225E2F008599D4 /* arpg */;
			productType = "com.apple.product-type.tool";
		};
/* End PBXNativeTarget section */

/* Begin PBXProject section */
		8FD5AA291B225E2F008599D4 /* Project object */ = {
			isa = PBXProject;
			attributes = {
				LastUpgradeCheck = 0630;
				ORGANIZATIONNAME = chenjamin;
				TargetAttributes = {
					8FD5AA301B225E2F008599D4 = {
						CreatedOnToolsVersion = 6.3.2;
					};
				};
			};
			buildConfigurationList = 8FD5AA2C1B225E2F008599D4 /* Build configuration list for PBXProject "arpg" */;
			compatibilityVersion = "Xcode 3.2";
			developmentRegion = English;
			hasScannedForEncodings = 0;
			knownRegions = (
				en,
			);
			mainGroup = 8FD5AA281B225E2F008599D4;
			productRefGroup = 8FD5AA321B225E2F008599D4 /* Products */;
			projectDirPath = "";
			projectRoot = "";
			targets = (
				8FD5AA301B225E2F008599D4 /* arpg */,
			);
		};
/* End PBXProject section */

/* Begin PBXSourcesBuildPhase section */
		8FD5AA2D1B225E2F008599D4 /* Sources */ = {
			isa = PBXSourcesBuildPhase;
			buildActionMask = 2147483647;
			files = (
				8FBF083C1B2683ED00F8DA50 /* Scene.cpp in Sources */,
				8FD5AA351B225E2F008599D4 /* main.cpp in Sources */,
				8FD5AA471B225FD6008599D4 /* GameManager.cpp in Sources */,
				8FD5AA4B1B254932008599D4 /* Sprite.cpp in Sources */,
				8FD5AA4E1B261DAC008599D4 /* TextureManager.cpp in Sources */,
				8FBF08421B271E2900F8DA50 /* Layer.cpp in Sources */,
				8FBF08471B2729FC00F8DA50 /* SandboxScene.cpp in Sources */,
				8FBF08381B26836800F8DA50 /* SceneManager.cpp in Sources */,
			);
			runOnlyForDeploymentPostprocessing = 0;
		};
/* End PBXSourcesBuildPhase section */

/* Begin XCBuildConfiguration section */
		8FD5AA361B225E2F008599D4 /* Debug */ = {
			isa = XCBuildConfiguration;
			buildSettings = {
				ALWAYS_SEARCH_USER_PATHS = NO;
				CLANG_CXX_LANGUAGE_STANDARD = "gnu++0x";
				CLANG_CXX_LIBRARY = "libc++";
				CLANG_ENABLE_MODULES = YES;
				CLANG_ENABLE_OBJC_ARC = YES;
				CLANG_WARN_BOOL_CONVERSION = YES;
				CLANG_WARN_CONSTANT_CONVERSION = YES;
				CLANG_WARN_DIRECT_OBJC_ISA_USAGE = YES_ERROR;
				CLANG_WARN_EMPTY_BODY = YES;
				CLANG_WARN_ENUM_CONVERSION = YES;
				CLANG_WARN_INT_CONVERSION = YES;
				CLANG_WARN_OBJC_ROOT_CLASS = YES_ERROR;
				CLANG_WARN_UNREACHABLE_CODE = YES;
				CLANG_WARN__DUPLICATE_METHOD_MATCH = YES;
				COPY_PHASE_STRIP = NO;
				DEBUG_INFORMATION_FORMAT = dwarf;
				ENABLE_STRICT_OBJC_MSGSEND = YES;
				GCC_C_LANGUAGE_STANDARD = gnu99;
				GCC_DYNAMIC_NO_PIC = NO;
				GCC_NO_COMMON_BLOCKS = YES;
				GCC_OPTIMIZATION_LEVEL = 0;
				GCC_PREPROCESSOR_DEFINITIONS = (
					"DEBUG=1",
					"$(inherited)",
				);
				GCC_SYMBOLS_PRIVATE_EXTERN = NO;
				GCC_WARN_64_TO_32_BIT_CONVERSION = YES;
				GCC_WARN_ABOUT_RETURN_TYPE = YES_ERROR;
				GCC_WARN_UNDECLARED_SELECTOR = YES;
				GCC_WARN_UNINITIALIZED_AUTOS = YES_AGGRESSIVE;
				GCC_WARN_UNUSED_FUNCTION = YES;
				GCC_WARN_UNUSED_VARIABLE = YES;
				MACOSX_DEPLOYMENT_TARGET = 10.10;
				MTL_ENABLE_DEBUG_INFO = YES;
				ONLY_ACTIVE_ARCH = YES;
				SDKROOT = macosx;
			};
			name = Debug;
		};
		8FD5AA371B225E2F008599D4 /* Release */ = {
			isa = XCBuildConfiguration;
			buildSettings = {
				ALWAYS_SEARCH_USER_PATHS = NO;
				CLANG_CXX_LANGUAGE_STANDARD = "gnu++0x";
				CLANG_CXX_LIBRARY = "libc++";
				CLANG_ENABLE_MODULES = YES;
				CLANG_ENABLE_OBJC_ARC = YES;
				CLANG_WARN_BOOL_CONVERSION = YES;
				CLANG_WARN_CONSTANT_CONVERSION = YES;
				CLANG_WARN_DIRECT_OBJC_ISA_USAGE = YES_ERROR;
				CLANG_WARN_EMPTY_BODY = YES;
				CLANG_WARN_ENUM_CONVERSION = YES;
				CLANG_WARN_INT_CONVERSION = YES;
				CLANG_WARN_OBJC_ROOT_CLASS = YES_ERROR;
				CLANG_WARN_UNREACHABLE_CODE = YES;
				CLANG_WARN__DUPLICATE_METHOD_MATCH = YES;
				COPY_PHASE_STRIP = NO;
				DEBUG_INFORMATION_FORMAT = "dwarf-with-dsym";
				ENABLE_NS_ASSERTIONS = NO;
				ENABLE_STRICT_OBJC_MSGSEND = YES;
				GCC_C_LANGUAGE_STANDARD = gnu99;
				GCC_NO_COMMON_BLOCKS = YES;
				GCC_WARN_64_TO_32_BIT_CONVERSION = YES;
				GCC_WARN_ABOUT_RETURN_TYPE = YES_ERROR;
				GCC_WARN_UNDECLARED_SELECTOR = YES;
				GCC_WARN_UNINITIALIZED_AUTOS = YES_AGGRESSIVE;
				GCC_WARN_UNUSED_FUNCTION = YES;
				GCC_WARN_UNUSED_VARIABLE = YES;
				MACOSX_DEPLOYMENT_TARGET = 10.10;
				MTL_ENABLE_DEBUG_INFO = NO;
				SDKROOT = macosx;
			};
			name = Release;
		};
		8FD5AA391B225E2F008599D4 /* Debug */ = {
			isa = XCBuildConfiguration;
			buildSettings = {
				FRAMEWORK_SEARCH_PATHS = (
					"$(inherited)",
					"$(LOCAL_LIBRARY_DIR)/Frameworks",
				);
				PRODUCT_NAME = "$(TARGET_NAME)";
			};
			name = Debug;
		};
		8FD5AA3A1B225E2F008599D4 /* Release */ = {
			isa = XCBuildConfiguration;
			buildSettings = {
				FRAMEWORK_SEARCH_PATHS = (
					"$(inherited)",
					"$(LOCAL_LIBRARY_DIR)/Frameworks",
				);
				PRODUCT_NAME = "$(TARGET_NAME)";
			};
			name = Release;
		};
/* End XCBuildConfiguration section */

/* Begin XCConfigurationList section */
		8FD5AA2C1B225E2F008599D4 /* Build configuration list for PBXProject "arpg" */ = {
			isa = XCConfigurationList;
			buildConfigurations = (
				8FD5AA361B225E2F008599D4 /* Debug */,
				8FD5AA371B225E2F008599D4 /* Release */,
			);
			defaultConfigurationIsVisible = 0;
			defaultConfigurationName = Release;
		};
		8FD5AA381B225E2F008599D4 /* Build configuration list for PBXNativeTarget "arpg" */ = {
			isa = XCConfigurationList;
			buildConfigurations = (
				8FD5AA391B225E2F008599D4 /* Debug */,
				8FD5AA3A1B225E2F008599D4 /* Release */,
			);
			defaultConfigurationIsVisible = 0;
			defaultConfigurationName = Release;
		};
/* End XCConfigurationList section */
	};
	rootObject = 8FD5AA291B225E2F008599D4 /* Project object */;
}
